
Microsoft Visual Studio Solution File, Format Version 12.00
# Visual Studio Version 16
VisualStudioVersion = 16.0.32929.386
MinimumVisualStudioVersion = 10.0.40219.1
Project("{FAE04EC0-301F-11D3-BF4B-00C04F79EFBC}") = "Booking_Airline", "Booking_Airline.csproj", "{E57132DF-2036-4F88-9515-46FD9C8A885D}"
EndProject
Global
	GlobalSection(SolutionConfigurationPlatforms) = preSolution
		Debug|Any CPU = Debug|Any CPU
		Release|Any CPU = Release|Any CPU
	EndGlobalSection
	GlobalSection(ProjectConfigurationPlatforms) = postSolution
		{E57132DF-2036-4F88-9515-46FD9C8A885D}.Debug|Any CPU.ActiveCfg = Debug|Any CPU
		{E57132DF-2036-4F88-9515-46FD9C8A885D}.Debug|Any CPU.Build.0 = Debug|Any CPU
		{E57132DF-2036-4F88-9515-46FD9C8A885D}.Release|Any CPU.ActiveCfg = Release|Any CPU
		{E57132DF-2036-4F88-9515-46FD9C8A885D}.Release|Any CPU.Build.0 = Release|Any CPU
	EndGlobalSection
	GlobalSection(SolutionProperties) = preSolution
		HideSolutionNode = FALSE
	EndGlobalSection
	GlobalSection(ExtensibilityGlobals) = postSolution
		SolutionGuid = {2C06EF4F-7A78-4645-AB2D-511A034450B5}
	EndGlobalSection
EndGlobal
